
Microsoft Visual Studio Solution File, Format Version 12.00
# Visual Studio Version 17
VisualStudioVersion = 17.4.33213.308
MinimumVisualStudioVersion = 10.0.40219.1
Project("{FAE04EC0-301F-11D3-BF4B-00C04F79EFBC}") = "modul3_1302204112", "modul3_1302204112\modul3_1302204112.csproj", "{A15C1476-D358-404A-A447-0A21CD3E41F4}"
EndProject
Global
	GlobalSection(SolutionConfigurationPlatforms) = preSolution
		Debug|Any CPU = Debug|Any CPU
		Release|Any CPU = Release|Any CPU
	EndGlobalSection
	GlobalSection(ProjectConfigurationPlatforms) = postSolution
		{A15C1476-D358-404A-A447-0A21CD3E41F4}.Debug|Any CPU.ActiveCfg = Debug|Any CPU
		{A15C1476-D358-404A-A447-0A21CD3E41F4}.Debug|Any CPU.Build.0 = Debug|Any CPU
		{A15C1476-D358-404A-A447-0A21CD3E41F4}.Release|Any CPU.ActiveCfg = Release|Any CPU
		{A15C1476-D358-404A-A447-0A21CD3E41F4}.Release|Any CPU.Build.0 = Release|Any CPU
	EndGlobalSection
	GlobalSection(SolutionProperties) = preSolution
		HideSolutionNode = FALSE
	EndGlobalSection
	GlobalSection(ExtensibilityGlobals) = postSolution
		SolutionGuid = {FE59BD2F-8F4B-4804-8101-4FB36096316B}
	EndGlobalSection
EndGlobal
